{
    "_readme": [
        "This file locks the dependencies of your project to a known state",
        "Read more about it at https://getcomposer.org/doc/01-basic-usage.md#installing-dependencies",
        "This file is @generated automatically"
    ],
    "content-hash": "b0274bce256ad364da3c6bb89a5fb549",
    "packages": [
        {
            "name": "dwoo/dwoo",
            "version": "1.3.x-dev",
            "source": {
                "type": "git",
                "url": "https://github.com/dwoo-project/dwoo.git",
                "reference": "c6c487c3b41a6c812c271f751b1c7770a1000ecb"
            },
            "dist": {
                "type": "zip",
                "url": "https://api.github.com/repos/dwoo-project/dwoo/zipball/c6c487c3b41a6c812c271f751b1c7770a1000ecb",
                "reference": "c6c487c3b41a6c812c271f751b1c7770a1000ecb",
                "shasum": ""
            },
            "require": {
                "php": "^5.3|^7.0"
            },
            "require-dev": {
                "phpunit/phpunit": "4.8.27"
            },
            "type": "library",
            "autoload": {
                "psr-4": {
                    "Dwoo\\": "lib/Dwoo/"
                }
            },
            "notification-url": "https://packagist.org/downloads/",
            "license": [
                "LGPL-3.0-only"
            ],
            "authors": [
                {
                    "name": "David Sanchez",
                    "email": "david38sanchez@gmail.com"
                }
            ],
            "description": "Dwoo is a PHP5/PHP7 template engine which is (almost) fully compatible with Smarty templates and plugins, but is written from scratch for PHP5, and adds many features.",
            "abandoned": "twig/twig",
            "time": "2018-07-25T13:21:21+00:00"
        },
        {
            "name": "felideo/debug2",
            "version": "v1.0.1",
            "source": {
                "type": "git",
                "url": "https://github.com/felideo/debug2.git",
                "reference": "3da1cf9de4400eedc7e58f196ad6ad8df9853a4f"
            },
            "dist": {
                "type": "zip",
                "url": "https://api.github.com/repos/felideo/debug2/zipball/3da1cf9de4400eedc7e58f196ad6ad8df9853a4f",
                "reference": "3da1cf9de4400eedc7e58f196ad6ad8df9853a4f",
                "shasum": ""
            },
            "type": "library",
            "autoload": {
                "files": [
                    "src/debug2.php"
                ]
            },
            "notification-url": "https://packagist.org/downloads/",
            "license": [
                "MIT"
            ],
            "authors": [
                {
                    "name": "Felideo Desittale Paravimnce",
                    "email": "felideo@gmail.com"
                }
            ],
            "description": "Debug2 is a function developed to debug PHP code of form easy, simple, pretty print, fast and safe.",
            "keywords": [
                "Pretty print",
                "dd",
                "debug",
                "full backtrace",
                "print_r",
                "profiler",
                "var_dump"
            ],
            "time": "2019-07-20T23:26:44+00:00"
        },
        {
            "name": "felideo/performance-check",
            "version": "dev-master",
            "source": {
                "type": "git",
                "url": "https://github.com/felideo/PerformanceCheck.git",
                "reference": "1b06b1099a93d2dd92bf2f50b8e63dbd410eab27"
            },
            "dist": {
                "type": "zip",
                "url": "https://api.github.com/repos/felideo/PerformanceCheck/zipball/1b06b1099a93d2dd92bf2f50b8e63dbd410eab27",
                "reference": "1b06b1099a93d2dd92bf2f50b8e63dbd410eab27",
                "shasum": ""
            },
            "require": {
                "felideo/debug2": "v1.*"
            },
            "type": "library",
            "autoload": {
                "psr-4": {
                    "Felideo\\Performance\\": "src/"
                },
                "files": [
                    "src/performance.php"
                ]
            },
            "notification-url": "https://packagist.org/downloads/",
            "license": [
                "MIT"
            ],
            "authors": [
                {
                    "name": "Felideo",
                    "email": "felideo@gmail.com"
                }
            ],
            "description": "A light benchmark timer class for PHP.",
            "keywords": [
                "benchmark",
                "benchtime",
                "profiler",
                "stopwatch",
                "timer"
            ],
            "time": "2019-08-29T17:47:07+00:00"
        },
        {
            "name": "php-curl-class/php-curl-class",
            "version": "8.6.1",
            "source": {
                "type": "git",
                "url": "https://github.com/php-curl-class/php-curl-class.git",
                "reference": "a418962c4385aba6b97d2d57d65a0d405b514cf7"
            },
            "dist": {
                "type": "zip",
                "url": "https://api.github.com/repos/php-curl-class/php-curl-class/zipball/a418962c4385aba6b97d2d57d65a0d405b514cf7",
                "reference": "a418962c4385aba6b97d2d57d65a0d405b514cf7",
                "shasum": ""
            },
            "require": {
                "ext-curl": "*",
                "php": ">=5.3"
            },
            "require-dev": {
                "ext-gd": "*",
                "phpunit/phpunit": "*",
                "squizlabs/php_codesniffer": "*"
            },
            "suggest": {
                "ext-mbstring": "*"
            },
            "type": "library",
            "autoload": {
                "psr-4": {
                    "Curl\\": "src/Curl/"
                }
            },
            "notification-url": "https://packagist.org/downloads/",
            "license": [
                "Unlicense"
            ],
            "authors": [
                {
                    "name": "Zach Borboa"
                }
            ],
            "description": "PHP Curl Class makes it easy to send HTTP requests and integrate with web APIs.",
            "homepage": "https://github.com/php-curl-class/php-curl-class",
            "keywords": [
                "API-Client",
                "api",
                "class",
                "client",
                "curl",
                "framework",
                "http",
                "http-client",
                "http-proxy",
                "json",
                "php",
                "php-curl",
                "php-curl-library",
                "proxy",
                "requests",
                "restful",
                "web-scraper",
                "web-scraping ",
                "web-service",
                "xml"
            ],
            "time": "2019-08-05T04:18:26+00:00"
        },
        {
            "name": "phpmailer/phpmailer",
            "version": "dev-master",
            "source": {
                "type": "git",
                "url": "https://github.com/PHPMailer/PHPMailer.git",
                "reference": "8fceec772a7ee53fd57573313d775c1caad4acff"
            },
            "dist": {
                "type": "zip",
                "url": "https://api.github.com/repos/PHPMailer/PHPMailer/zipball/8fceec772a7ee53fd57573313d775c1caad4acff",
                "reference": "8fceec772a7ee53fd57573313d775c1caad4acff",
                "shasum": ""
            },
            "require": {
                "ext-ctype": "*",
                "ext-filter": "*",
                "php": ">=5.5.0"
            },
            "require-dev": {
                "doctrine/annotations": "1.2.*",
                "friendsofphp/php-cs-fixer": "^2.2",
                "phpdocumentor/phpdocumentor": "2.*",
                "phpunit/phpunit": "^4.8 || ^5.7",
                "zendframework/zend-eventmanager": "3.0.*",
                "zendframework/zend-i18n": "2.7.3",
                "zendframework/zend-serializer": "2.7.*"
            },
            "suggest": {
                "ext-mbstring": "Needed to send email in multibyte encoding charset",
                "hayageek/oauth2-yahoo": "Needed for Yahoo XOAUTH2 authentication",
                "league/oauth2-google": "Needed for Google XOAUTH2 authentication",
                "psr/log": "For optional PSR-3 debug logging",
                "stevenmaguire/oauth2-microsoft": "Needed for Microsoft XOAUTH2 authentication",
                "symfony/polyfill-mbstring": "To support UTF-8 if the Mbstring PHP extension is not enabled (^1.2)"
            },
            "type": "library",
            "autoload": {
                "psr-4": {
                    "PHPMailer\\PHPMailer\\": "src/"
                }
            },
            "notification-url": "https://packagist.org/downloads/",
            "license": [
                "LGPL-2.1-only"
            ],
            "authors": [
                {
                    "name": "Marcus Bointon",
                    "email": "phpmailer@synchromedia.co.uk"
                },
                {
                    "name": "Jim Jagielski",
                    "email": "jimjag@gmail.com"
                },
                {
                    "name": "Andy Prevost",
                    "email": "codeworxtech@users.sourceforge.net"
                },
                {
                    "name": "Brent R. Matzelle"
                }
            ],
            "description": "PHPMailer is a full-featured email creation and transfer class for PHP",
            "time": "2019-10-03T11:29:13+00:00"
        }
    ],
    "packages-dev": [],
    "aliases": [],
    "minimum-stability": "dev",
    "stability-flags": {
        "phpmailer/phpmailer": 20,
        "felideo/performance-check": 20
    },
    "prefer-stable": false,
    "prefer-lowest": false,
    "platform": [],
    "platform-dev": [],
    "platform-overrides": {
        "php": "5.6"
    }
}
